dependencies:
- name: postgresql
  repository: https://charts.bitnami.com/bitnami
  version: 11.9.13
- name: redis
  repository: https://charts.bitnami.com/bitnami
  version: 16.13.2
digest: sha256:2d6f9ff3e810e4f03aebac4635df819cd9200db21b1e3a5bd155f51423579d0b
generated: "2023-01-13T10:58:16.697255595+01:00"
