dependencies:
- name: postgresql
  repository: https://charts.bitnami.com/bitnami
  version: 11.5.0
- name: redis
  repository: https://charts.bitnami.com/bitnami
  version: 16.10.0
digest: sha256:5d1e396f79fa8c60158a7634b3d9d79bdd0e127c74758450126c58698b636101
generated: "2022-05-30T17:07:28.7241088+02:00"
